Microsoft Visual Studio Solution File, Format Version 12.00
# Visual Studio Version 17
VisualStudioVersion = 17.12.35707.178 d17.12
MinimumVisualStudioVersion = 10.0.40219.1
Project("{FAE04EC0-301F-11D3-BF4B-00C04F79EFBC}") = "TauriMind.AppHost", "TauriMind.AppHost\TauriMind.AppHost.csproj", "{D16BD26F-83A7-4229-A808-B0D3D1DF71F8}"
EndProject
Project("{FAE04EC0-301F-11D3-BF4B-00C04F79EFBC}") = "TauriMind.ServiceDefaults", "TauriMind.ServiceDefaults\TauriMind.ServiceDefaults.csproj", "{A6605BF4-E29E-44C9-83C0-61B021BA19C8}"
EndProject
Project("{FAE04EC0-301F-11D3-BF4B-00C04F79EFBC}") = "Application", "Application\Application.csproj", "{2638387D-547C-4F6E-9696-17A6C509E76A}"
EndProject
Global
	GlobalSection(SolutionConfigurationPlatforms) = preSolution
		Debug|Any CPU = Debug|Any CPU
		Release|Any CPU = Release|Any CPU
	EndGlobalSection
	GlobalSection(ProjectConfigurationPlatforms) = postSolution
		{D16BD26F-83A7-4229-A808-B0D3D1DF71F8}.Debug|Any CPU.ActiveCfg = Debug|Any CPU
		{D16BD26F-83A7-4229-A808-B0D3D1DF71F8}.Debug|Any CPU.Build.0 = Debug|Any CPU
		{D16BD26F-83A7-4229-A808-B0D3D1DF71F8}.Release|Any CPU.ActiveCfg = Release|Any CPU
		{D16BD26F-83A7-4229-A808-B0D3D1DF71F8}.Release|Any CPU.Build.0 = Release|Any CPU
		{A6605BF4-E29E-44C9-83C0-61B021BA19C8}.Debug|Any CPU.ActiveCfg = Debug|Any CPU
		{A6605BF4-E29E-44C9-83C0-61B021BA19C8}.Debug|Any CPU.Build.0 = Debug|Any CPU
		{A6605BF4-E29E-44C9-83C0-61B021BA19C8}.Release|Any CPU.ActiveCfg = Release|Any CPU
		{A6605BF4-E29E-44C9-83C0-61B021BA19C8}.Release|Any CPU.Build.0 = Release|Any CPU
		{2638387D-547C-4F6E-9696-17A6C509E76A}.Debug|Any CPU.ActiveCfg = Debug|Any CPU
		{2638387D-547C-4F6E-9696-17A6C509E76A}.Debug|Any CPU.Build.0 = Debug|Any CPU
		{2638387D-547C-4F6E-9696-17A6C509E76A}.Release|Any CPU.ActiveCfg = Release|Any CPU
		{2638387D-547C-4F6E-9696-17A6C509E76A}.Release|Any CPU.Build.0 = Release|Any CPU
	EndGlobalSection
	GlobalSection(SolutionProperties) = preSolution
		HideSolutionNode = FALSE
	EndGlobalSection
EndGlobal
